
Microsoft Visual Studio Solution File, Format Version 12.00
# Visual Studio Version 17
VisualStudioVersion = 17.12.35527.113
MinimumVisualStudioVersion = 10.0.40219.1
Project("{FAE04EC0-301F-11D3-BF4B-00C04F79EFBC}") = "Blogging.Api", "Blogging.Api\Blogging.Api.csproj", "{C3C8037D-86A7-4605-AD2C-9297E1ABE398}"
EndProject
Project("{2150E333-8FDC-42A3-9474-1A3956D46DE8}") = "Solution Items", "Solution Items", "{C4AF73BE-B0F1-45E5-99A6-4600F89A1970}"
	ProjectSection(SolutionItems) = preProject
		.editorconfig = .editorconfig
	EndProjectSection
EndProject
Project("{2150E333-8FDC-42A3-9474-1A3956D46DE8}") = "src", "src", "{BD431BBD-4DAE-4B6E-9C70-3A07430A3CBA}"
EndProject
Project("{2150E333-8FDC-42A3-9474-1A3956D46DE8}") = "API", "API", "{7AED1911-35C2-4A7D-B0A7-164A59C4510B}"
EndProject
Project("{2150E333-8FDC-42A3-9474-1A3956D46DE8}") = "Modules", "Modules", "{CE696A6C-D91B-414A-A023-2708758AF386}"
EndProject
Project("{2150E333-8FDC-42A3-9474-1A3956D46DE8}") = "Common", "Common", "{3332F4F3-D663-4A99-AD12-ED262DCBE489}"
EndProject
Project("{2150E333-8FDC-42A3-9474-1A3956D46DE8}") = "Users", "Users", "{EBCA1E58-6A8D-4BEA-9D12-7C8D60A7A427}"
EndProject
Project("{FAE04EC0-301F-11D3-BF4B-00C04F79EFBC}") = "Blogging.Modules.User.Domain", "Blogging.Modules.Users.Domain\Blogging.Modules.User.Domain.csproj", "{91EAE220-CD36-4061-A4E1-FA8FD864E8B8}"
EndProject
Project("{FAE04EC0-301F-11D3-BF4B-00C04F79EFBC}") = "Blogging.Modules.User.Application", "Blogging.Modules.User.Application\Blogging.Modules.User.Application.csproj", "{A14DE0EA-0540-4249-B16F-91571A7E5934}"
EndProject
Project("{FAE04EC0-301F-11D3-BF4B-00C04F79EFBC}") = "Blogging.Modules.User.Presentation", "Blogging.Modules.User.Presentation\Blogging.Modules.User.Presentation.csproj", "{06963330-F323-4436-ABE0-5E10E047A13F}"
EndProject
Project("{FAE04EC0-301F-11D3-BF4B-00C04F79EFBC}") = "Blogging.Modules.User.Infrastructure", "Blogging.Modules.User.Infrastructure\Blogging.Modules.User.Infrastructure.csproj", "{9A95DF3D-208C-4B6B-8A87-55B6DFB49EC5}"
EndProject
Project("{FAE04EC0-301F-11D3-BF4B-00C04F79EFBC}") = "Blogging.Common.Application", "Blogging.Common.Application\Blogging.Common.Application.csproj", "{7756BE27-BB19-44D8-89A4-F2B9F84C73DD}"
EndProject
Project("{FAE04EC0-301F-11D3-BF4B-00C04F79EFBC}") = "Blogging.Common.Domain", "Blogging.Common.Domain\Blogging.Common.Domain.csproj", "{4CCD450A-A110-4360-988C-7FFC84274647}"
EndProject
Project("{FAE04EC0-301F-11D3-BF4B-00C04F79EFBC}") = "Blogging.Common.Infrastructure", "Blogging.Common.Infrastructure\Blogging.Common.Infrastructure.csproj", "{2DAD1385-64D3-42F7-8F3F-53B96E0C5766}"
EndProject
Project("{FAE04EC0-301F-11D3-BF4B-00C04F79EFBC}") = "Blogging.Common.Presentation", "Blogging.Common.Presentation\Blogging.Common.Presentation.csproj", "{07CF65FE-DE71-4ACC-B14D-F6B0C5F1BE73}"
EndProject
Project("{E53339B2-1760-4266-BCC7-CA923CBCF16C}") = "docker-compose", "docker-compose.dcproj", "{B4BFDDAA-7031-417B-A4A6-4C2EA6208D9D}"
EndProject
Project("{2150E333-8FDC-42A3-9474-1A3956D46DE8}") = "Blogs", "Blogs", "{EACD954B-410E-46AF-B599-AE4C4EC8D6A5}"
EndProject
Project("{FAE04EC0-301F-11D3-BF4B-00C04F79EFBC}") = "Blogging.Modules.Blog.Domain", "Blogging.Modules.Blog.Domain\Blogging.Modules.Blog.Domain.csproj", "{7365DDB8-6F09-4C9F-866E-126BDF08AC14}"
EndProject
Project("{FAE04EC0-301F-11D3-BF4B-00C04F79EFBC}") = "Blogging.Modules.Blog.Application", "Blogging.Modules.Blog.Application\Blogging.Modules.Blog.Application.csproj", "{4647E8B1-175B-40D2-A3DC-1EEB86CFDF06}"
EndProject
Project("{FAE04EC0-301F-11D3-BF4B-00C04F79EFBC}") = "Blogging.Modules.Blog.Presentation", "Blogging.Modules.Blog.Presentation\Blogging.Modules.Blog.Presentation.csproj", "{3E7E4215-EB86-4808-BCC3-ACE5852094E1}"
EndProject
Project("{FAE04EC0-301F-11D3-BF4B-00C04F79EFBC}") = "Blogging.Modules.Blog.Infrastructure", "Blogging.Modules.Blog.Infrastructure\Blogging.Modules.Blog.Infrastructure.csproj", "{820CDAA8-0FB9-4B23-8119-D5F666927D34}"
EndProject
Project("{FAE04EC0-301F-11D3-BF4B-00C04F79EFBC}") = "Blogging.Modules.User.IntegrationEvent", "..\Blogging.Modules.User.IntegrationEvent\Blogging.Modules.User.IntegrationEvent.csproj", "{AC6A9668-D292-41CC-ACB2-48E422C871DF}"
EndProject
Global
	GlobalSection(SolutionConfigurationPlatforms) = preSolution
		Debug|Any CPU = Debug|Any CPU
		Release|Any CPU = Release|Any CPU
	EndGlobalSection
	GlobalSection(ProjectConfigurationPlatforms) = postSolution
		{C3C8037D-86A7-4605-AD2C-9297E1ABE398}.Debug|Any CPU.ActiveCfg = Debug|Any CPU
		{C3C8037D-86A7-4605-AD2C-9297E1ABE398}.Debug|Any CPU.Build.0 = Debug|Any CPU
		{C3C8037D-86A7-4605-AD2C-9297E1ABE398}.Release|Any CPU.ActiveCfg = Release|Any CPU
		{C3C8037D-86A7-4605-AD2C-9297E1ABE398}.Release|Any CPU.Build.0 = Release|Any CPU
		{91EAE220-CD36-4061-A4E1-FA8FD864E8B8}.Debug|Any CPU.ActiveCfg = Debug|Any CPU
		{91EAE220-CD36-4061-A4E1-FA8FD864E8B8}.Debug|Any CPU.Build.0 = Debug|Any CPU
		{91EAE220-CD36-4061-A4E1-FA8FD864E8B8}.Release|Any CPU.ActiveCfg = Release|Any CPU
		{91EAE220-CD36-4061-A4E1-FA8FD864E8B8}.Release|Any CPU.Build.0 = Release|Any CPU
		{A14DE0EA-0540-4249-B16F-91571A7E5934}.Debug|Any CPU.ActiveCfg = Debug|Any CPU
		{A14DE0EA-0540-4249-B16F-91571A7E5934}.Debug|Any CPU.Build.0 = Debug|Any CPU
		{A14DE0EA-0540-4249-B16F-91571A7E5934}.Release|Any CPU.ActiveCfg = Release|Any CPU
		{A14DE0EA-0540-4249-B16F-91571A7E5934}.Release|Any CPU.Build.0 = Release|Any CPU
		{06963330-F323-4436-ABE0-5E10E047A13F}.Debug|Any CPU.ActiveCfg = Debug|Any CPU
		{06963330-F323-4436-ABE0-5E10E047A13F}.Debug|Any CPU.Build.0 = Debug|Any CPU
		{06963330-F323-4436-ABE0-5E10E047A13F}.Release|Any CPU.ActiveCfg = Release|Any CPU
		{06963330-F323-4436-ABE0-5E10E047A13F}.Release|Any CPU.Build.0 = Release|Any CPU
		{9A95DF3D-208C-4B6B-8A87-55B6DFB49EC5}.Debug|Any CPU.ActiveCfg = Debug|Any CPU
		{9A95DF3D-208C-4B6B-8A87-55B6DFB49EC5}.Debug|Any CPU.Build.0 = Debug|Any CPU
		{9A95DF3D-208C-4B6B-8A87-55B6DFB49EC5}.Release|Any CPU.ActiveCfg = Release|Any CPU
		{9A95DF3D-208C-4B6B-8A87-55B6DFB49EC5}.Release|Any CPU.Build.0 = Release|Any CPU
		{7756BE27-BB19-44D8-89A4-F2B9F84C73DD}.Debug|Any CPU.ActiveCfg = Debug|Any CPU
		{7756BE27-BB19-44D8-89A4-F2B9F84C73DD}.Debug|Any CPU.Build.0 = Debug|Any CPU
		{7756BE27-BB19-44D8-89A4-F2B9F84C73DD}.Release|Any CPU.ActiveCfg = Release|Any CPU
		{7756BE27-BB19-44D8-89A4-F2B9F84C73DD}.Release|Any CPU.Build.0 = Release|Any CPU
		{4CCD450A-A110-4360-988C-7FFC84274647}.Debug|Any CPU.ActiveCfg = Debug|Any CPU
		{4CCD450A-A110-4360-988C-7FFC84274647}.Debug|Any CPU.Build.0 = Debug|Any CPU
		{4CCD450A-A110-4360-988C-7FFC84274647}.Release|Any CPU.ActiveCfg = Release|Any CPU
		{4CCD450A-A110-4360-988C-7FFC84274647}.Release|Any CPU.Build.0 = Release|Any CPU
		{2DAD1385-64D3-42F7-8F3F-53B96E0C5766}.Debug|Any CPU.ActiveCfg = Debug|Any CPU
		{2DAD1385-64D3-42F7-8F3F-53B96E0C5766}.Debug|Any CPU.Build.0 = Debug|Any CPU
		{2DAD1385-64D3-42F7-8F3F-53B96E0C5766}.Release|Any CPU.ActiveCfg = Release|Any CPU
		{2DAD1385-64D3-42F7-8F3F-53B96E0C5766}.Release|Any CPU.Build.0 = Release|Any CPU
		{07CF65FE-DE71-4ACC-B14D-F6B0C5F1BE73}.Debug|Any CPU.ActiveCfg = Debug|Any CPU
		{07CF65FE-DE71-4ACC-B14D-F6B0C5F1BE73}.Debug|Any CPU.Build.0 = Debug|Any CPU
		{07CF65FE-DE71-4ACC-B14D-F6B0C5F1BE73}.Release|Any CPU.ActiveCfg = Release|Any CPU
		{07CF65FE-DE71-4ACC-B14D-F6B0C5F1BE73}.Release|Any CPU.Build.0 = Release|Any CPU
		{B4BFDDAA-7031-417B-A4A6-4C2EA6208D9D}.Debug|Any CPU.ActiveCfg = Debug|Any CPU
		{B4BFDDAA-7031-417B-A4A6-4C2EA6208D9D}.Debug|Any CPU.Build.0 = Debug|Any CPU
		{B4BFDDAA-7031-417B-A4A6-4C2EA6208D9D}.Release|Any CPU.ActiveCfg = Release|Any CPU
		{B4BFDDAA-7031-417B-A4A6-4C2EA6208D9D}.Release|Any CPU.Build.0 = Release|Any CPU
		{7365DDB8-6F09-4C9F-866E-126BDF08AC14}.Debug|Any CPU.ActiveCfg = Debug|Any CPU
		{7365DDB8-6F09-4C9F-866E-126BDF08AC14}.Debug|Any CPU.Build.0 = Debug|Any CPU
		{7365DDB8-6F09-4C9F-866E-126BDF08AC14}.Release|Any CPU.ActiveCfg = Release|Any CPU
		{7365DDB8-6F09-4C9F-866E-126BDF08AC14}.Release|Any CPU.Build.0 = Release|Any CPU
		{4647E8B1-175B-40D2-A3DC-1EEB86CFDF06}.Debug|Any CPU.ActiveCfg = Debug|Any CPU
		{4647E8B1-175B-40D2-A3DC-1EEB86CFDF06}.Debug|Any CPU.Build.0 = Debug|Any CPU
		{4647E8B1-175B-40D2-A3DC-1EEB86CFDF06}.Release|Any CPU.ActiveCfg = Release|Any CPU
		{4647E8B1-175B-40D2-A3DC-1EEB86CFDF06}.Release|Any CPU.Build.0 = Release|Any CPU
		{3E7E4215-EB86-4808-BCC3-ACE5852094E1}.Debug|Any CPU.ActiveCfg = Debug|Any CPU
		{3E7E4215-EB86-4808-BCC3-ACE5852094E1}.Debug|Any CPU.Build.0 = Debug|Any CPU
		{3E7E4215-EB86-4808-BCC3-ACE5852094E1}.Release|Any CPU.ActiveCfg = Release|Any CPU
		{3E7E4215-EB86-4808-BCC3-ACE5852094E1}.Release|Any CPU.Build.0 = Release|Any CPU
		{820CDAA8-0FB9-4B23-8119-D5F666927D34}.Debug|Any CPU.ActiveCfg = Debug|Any CPU
		{820CDAA8-0FB9-4B23-8119-D5F666927D34}.Debug|Any CPU.Build.0 = Debug|Any CPU
		{820CDAA8-0FB9-4B23-8119-D5F666927D34}.Release|Any CPU.ActiveCfg = Release|Any CPU
		{820CDAA8-0FB9-4B23-8119-D5F666927D34}.Release|Any CPU.Build.0 = Release|Any CPU
		{AC6A9668-D292-41CC-ACB2-48E422C871DF}.Debug|Any CPU.ActiveCfg = Debug|Any CPU
		{AC6A9668-D292-41CC-ACB2-48E422C871DF}.Debug|Any CPU.Build.0 = Debug|Any CPU
		{AC6A9668-D292-41CC-ACB2-48E422C871DF}.Release|Any CPU.ActiveCfg = Release|Any CPU
		{AC6A9668-D292-41CC-ACB2-48E422C871DF}.Release|Any CPU.Build.0 = Release|Any CPU
	EndGlobalSection
	GlobalSection(SolutionProperties) = preSolution
		HideSolutionNode = FALSE
	EndGlobalSection
	GlobalSection(NestedProjects) = preSolution
		{C3C8037D-86A7-4605-AD2C-9297E1ABE398} = {7AED1911-35C2-4A7D-B0A7-164A59C4510B}
		{7AED1911-35C2-4A7D-B0A7-164A59C4510B} = {BD431BBD-4DAE-4B6E-9C70-3A07430A3CBA}
		{CE696A6C-D91B-414A-A023-2708758AF386} = {BD431BBD-4DAE-4B6E-9C70-3A07430A3CBA}
		{3332F4F3-D663-4A99-AD12-ED262DCBE489} = {BD431BBD-4DAE-4B6E-9C70-3A07430A3CBA}
		{EBCA1E58-6A8D-4BEA-9D12-7C8D60A7A427} = {CE696A6C-D91B-414A-A023-2708758AF386}
		{91EAE220-CD36-4061-A4E1-FA8FD864E8B8} = {EBCA1E58-6A8D-4BEA-9D12-7C8D60A7A427}
		{A14DE0EA-0540-4249-B16F-91571A7E5934} = {EBCA1E58-6A8D-4BEA-9D12-7C8D60A7A427}
		{06963330-F323-4436-ABE0-5E10E047A13F} = {EBCA1E58-6A8D-4BEA-9D12-7C8D60A7A427}
		{9A95DF3D-208C-4B6B-8A87-55B6DFB49EC5} = {EBCA1E58-6A8D-4BEA-9D12-7C8D60A7A427}
		{7756BE27-BB19-44D8-89A4-F2B9F84C73DD} = {3332F4F3-D663-4A99-AD12-ED262DCBE489}
		{4CCD450A-A110-4360-988C-7FFC84274647} = {3332F4F3-D663-4A99-AD12-ED262DCBE489}
		{2DAD1385-64D3-42F7-8F3F-53B96E0C5766} = {3332F4F3-D663-4A99-AD12-ED262DCBE489}
		{07CF65FE-DE71-4ACC-B14D-F6B0C5F1BE73} = {3332F4F3-D663-4A99-AD12-ED262DCBE489}
		{EACD954B-410E-46AF-B599-AE4C4EC8D6A5} = {CE696A6C-D91B-414A-A023-2708758AF386}
		{7365DDB8-6F09-4C9F-866E-126BDF08AC14} = {EACD954B-410E-46AF-B599-AE4C4EC8D6A5}
		{4647E8B1-175B-40D2-A3DC-1EEB86CFDF06} = {EACD954B-410E-46AF-B599-AE4C4EC8D6A5}
		{3E7E4215-EB86-4808-BCC3-ACE5852094E1} = {EACD954B-410E-46AF-B599-AE4C4EC8D6A5}
		{820CDAA8-0FB9-4B23-8119-D5F666927D34} = {EACD954B-410E-46AF-B599-AE4C4EC8D6A5}
		{AC6A9668-D292-41CC-ACB2-48E422C871DF} = {EBCA1E58-6A8D-4BEA-9D12-7C8D60A7A427}
	EndGlobalSection
EndGlobal
